PODS:
  - Alamofire (3.3.1)
  - Socket.IO-Client-Swift (6.1.0)
  - SwiftyJSON (2.3.2)

DEPENDENCIES:
  - Alamofire
  - Socket.IO-Client-Swift (~> 6.1.0)
  - SwiftyJSON

SPEC CHECKSUMS:
  Alamofire: 369bc67b6f5ac33ded3648d7bd21c5bfb91c2ecc
  Socket.IO-Client-Swift: b0ebbd80f039992bad6d0f74730b5a540d979520
  SwiftyJSON: 04ccea08915aa0109039157c7974cf0298da292a

COCOAPODS: 0.39.0
